PODS:
  - AFNetworking (3.0.4):
    - AFNetworking/NSURLSession (= 3.0.4)
    - AFNetworking/Reachability (= 3.0.4)
    - AFNetworking/Security (= 3.0.4)
    - AFNetworking/Serialization (= 3.0.4)
    - AFNetworking/UIKit (= 3.0.4)
  - AFNetworking/NSURLSession (3.0.4):
    - AFNetworking/Reachability
    - AFNetworking/Security
    - AFNetworking/Serialization
  - AFNetworking/Reachability (3.0.4)
  - AFNetworking/Security (3.0.4)
  - AFNetworking/Serialization (3.0.4)
  - AFNetworking/UIKit (3.0.4):
    - AFNetworking/NSURLSession
  - Mapbox-iOS-SDK (3.0.1)
  - MJExtension (3.0.7)

DEPENDENCIES:
  - AFNetworking (~> 3.0)
  - Mapbox-iOS-SDK
  - MJExtension

SPEC CHECKSUMS:
  AFNetworking: a0075feb321559dc78d9d85b55d11caa19eabb93
  Mapbox-iOS-SDK: 61e79f3dd8432617bd1a66b2d7273ab5ce923ca9
  MJExtension: 290cc966f0f849b12b6391a38e296e0004ae8e5e

COCOAPODS: 0.39.0
